// !$*UTF8*$!
{
	archiveVersion = 1;
	classes = {
	};
	objectVersion = 51;
	objects = {

/* Begin PBXBuildFile section */
		82F38466FC6C7498CC1479F8 /* Pods_Instagram_Clone_iOS.framework in Frameworks */ = {isa = PBXBuildFile; fileRef = 3707466EE178E9944258183F /* Pods_Instagram_Clone_iOS.framework */; };
		8A7043D82340D7A20000C808 /* UserTableViewController.swift in Sources */ = {isa = PBXBuildFile; fileRef = 8A7043D72340D7A20000C808 /* UserTableViewController.swift */; };
		8AFC16E8233A366C00570279 /* AppDelegate.swift in Sources */ = {isa = PBXBuildFile; fileRef = 8AFC16E7233A366C00570279 /* AppDelegate.swift */; };
		8AFC16EA233A366C00570279 /* ViewController.swift in Sources */ = {isa = PBXBuildFile; fileRef = 8AFC16E9233A366C00570279 /* ViewController.swift */; };
		8AFC16ED233A366C00570279 /* Main.storyboard in Resources */ = {isa = PBXBuildFile; fileRef = 8AFC16EB233A366C00570279 /* Main.storyboard */; };
		8AFC16EF233A366D00570279 /* Assets.xcassets in Resources */ = {isa = PBXBuildFile; fileRef = 8AFC16EE233A366D00570279 /* Assets.xcassets */; };
		8AFC16F2233A366D00570279 /* LaunchScreen.storyboard in Resources */ = {isa = PBXBuildFile; fileRef = 8AFC16F0233A366D00570279 /* LaunchScreen.storyboard */; };
/* End PBXBuildFile section */

/* Begin PBXFileReference section */
		15B9360FE99CBFB73A10830F /* Pods-Instagram Clone iOS.release.xcconfig */ = {isa = PBXFileReference; includeInIndex = 1; lastKnownFileType = text.xcconfig; name = "Pods-Instagram Clone iOS.release.xcconfig"; path = "Target Support Files/Pods-Instagram Clone iOS/Pods-Instagram Clone iOS.release.xcconfig"; sourceTree = "<group>"; };
		3707466EE178E9944258183F /* Pods_Instagram_Clone_iOS.framework */ = {isa = PBXFileReference; explicitFileType = wrapper.framework; includeInIndex = 0; path = Pods_Instagram_Clone_iOS.framework; sourceTree = BUILT_PRODUCTS_DIR; };
		8A7043D72340D7A20000C808 /* UserTableViewController.swift */ = {isa = PBXFileReference; lastKnownFileType = sourcecode.swift; path = UserTableViewController.swift; sourceTree = "<group>"; };
		8AFC16E4233A366C00570279 /* Instagram Clone iOS.app */ = {isa = PBXFileReference; explicitFileType = wrapper.application; includeInIndex = 0; path = "Instagram Clone iOS.app"; sourceTree = BUILT_PRODUCTS_DIR; };
		8AFC16E7233A366C00570279 /* AppDelegate.swift */ = {isa = PBXFileReference; lastKnownFileType = sourcecode.swift; path = AppDelegate.swift; sourceTree = "<group>"; };
		8AFC16E9233A366C00570279 /* ViewController.swift */ = {isa = PBXFileReference; lastKnownFileType = sourcecode.swift; path = ViewController.swift; sourceTree = "<group>"; };
		8AFC16EC233A366C00570279 /* Base */ = {isa = PBXFileReference; lastKnownFileType = file.storyboard; name = Base; path = Base.lproj/Main.storyboard; sourceTree = "<group>"; };
		8AFC16EE233A366D00570279 /* Assets.xcassets */ = {isa = PBXFileReference; lastKnownFileType = folder.assetcatalog; path = Assets.xcassets; sourceTree = "<group>"; };
		8AFC16F1233A366D00570279 /* Base */ = {isa = PBXFileReference; lastKnownFileType = file.storyboard; name = Base; path = Base.lproj/LaunchScreen.storyboard; sourceTree = "<group>"; };
		8AFC16F3233A366D00570279 /* Info.plist */ = {isa = PBXFileReference; lastKnownFileType = text.plist.xml; path = Info.plist; sourceTree = "<group>"; };
		B6F3EAFE24DC5974431CBBE8 /* Pods-Instagram Clone iOS.debug.xcconfig */ = {isa = PBXFileReference; includeInIndex = 1; lastKnownFileType = text.xcconfig; name = "Pods-Instagram Clone iOS.debug.xcconfig"; path = "Target Support Files/Pods-Instagram Clone iOS/Pods-Instagram Clone iOS.debug.xcconfig"; sourceTree = "<group>"; };
/* End PBXFileReference section */

/* Begin PBXFrameworksBuildPhase section */
		8AFC16E1233A366C00570279 /* Frameworks */ = {
			isa = PBXFrameworksBuildPhase;
			buildActionMask = 2147483647;
			files = (
				82F38466FC6C7498CC1479F8 /* Pods_Instagram_Clone_iOS.framework in Frameworks */,
			);
			runOnlyForDeploymentPostprocessing = 0;
		};
/* End PBXFrameworksBuildPhase section */

/* Begin PBXGroup section */
		5486B80CDD15ADC149895A51 /* Pods */ = {
			isa = PBXGroup;
			children = (
				B6F3EAFE24DC5974431CBBE8 /* Pods-Instagram Clone iOS.debug.xcconfig */,
				15B9360FE99CBFB73A10830F /* Pods-Instagram Clone iOS.release.xcconfig */,
			);
			path = Pods;
			sourceTree = "<group>";
		};
		8AFC16DB233A366C00570279 = {
			isa = PBXGroup;
			children = (
				8AFC16E6233A366C00570279 /* Instagram Clone iOS */,
				8AFC16E5233A366C00570279 /* Products */,
				5486B80CDD15ADC149895A51 /* Pods */,
				C8570ABEABFF90248F47A2EA /* Frameworks */,
			);
			sourceTree = "<group>";
		};
		8AFC16E5233A366C00570279 /* Products */ = {
			isa = PBXGroup;
			children = (
				8AFC16E4233A366C00570279 /* Instagram Clone iOS.app */,
			);
			name = Products;
			sourceTree = "<group>";
		};
		8AFC16E6233A366C00570279 /* Instagram Clone iOS */ = {
			isa = PBXGroup;
			children = (
				8AFC16E7233A366C00570279 /* AppDelegate.swift */,
				8AFC16E9233A366C00570279 /* ViewController.swift */,
				8A7043D72340D7A20000C808 /* UserTableViewController.swift */,
				8AFC16EB233A366C00570279 /* Main.storyboard */,
				8AFC16EE233A366D00570279 /* Assets.xcassets */,
				8AFC16F0233A366D00570279 /* LaunchScreen.storyboard */,
				8AFC16F3233A366D00570279 /* Info.plist */,
			);
			path = "Instagram Clone iOS";
			sourceTree = "<group>";
		};
		C8570ABEABFF90248F47A2EA /* Frameworks */ = {
			isa = PBXGroup;
			children = (
				3707466EE178E9944258183F /* Pods_Instagram_Clone_iOS.framework */,
			);
			name = Frameworks;
			sourceTree = "<group>";
		};
/* End PBXGroup section */

/* Begin PBXNativeTarget section */
		8AFC16E3233A366C00570279 /* Instagram Clone iOS */ = {
			isa = PBXNativeTarget;
			buildConfigurationList = 8AFC16F6233A366D00570279 /* Build configuration list for PBXNativeTarget "Instagram Clone iOS" */;
			buildPhases = (
				E11C92746D3A14CFB0F6E8D4 /* [CP] Check Pods Manifest.lock */,
				8AFC16E0233A366C00570279 /* Sources */,
				8AFC16E1233A366C00570279 /* Frameworks */,
				8AFC16E2233A366C00570279 /* Resources */,
				2B2B193D2B45FE681C51F6B7 /* [CP] Embed Pods Frameworks */,
			);
			buildRules = (
			);
			dependencies = (
			);
			name = "Instagram Clone iOS";
			productName = "Instagram Clone iOS";
			productReference = 8AFC16E4233A366C00570279 /* Instagram Clone iOS.app */;
			productType = "com.apple.product-type.application";
		};
/* End PBXNativeTarget section */

/* Begin PBXProject section */
		8AFC16DC233A366C00570279 /* Project object */ = {
			isa = PBXProject;
			attributes = {
				LastSwiftUpdateCheck = 1010;
				LastUpgradeCheck = 1010;
				ORGANIZATIONNAME = "Starknet Technologies®";
				TargetAttributes = {
					8AFC16E3233A366C00570279 = {
						CreatedOnToolsVersion = 10.1;
					};
				};
			};
			buildConfigurationList = 8AFC16DF233A366C00570279 /* Build configuration list for PBXProject "Instagram Clone iOS" */;
			compatibilityVersion = "Xcode 10.0";
			developmentRegion = en;
			hasScannedForEncodings = 0;
			knownRegions = (
				en,
				Base,
			);
			mainGroup = 8AFC16DB233A366C00570279;
			productRefGroup = 8AFC16E5233A366C00570279 /* Products */;
			projectDirPath = "";
			projectRoot = "";
			targets = (
				8AFC16E3233A366C00570279 /* Instagram Clone iOS */,
			);
		};
/* End PBXProject section */

/* Begin PBXResourcesBuildPhase section */
		8AFC16E2233A366C00570279 /* Resources */ = {
			isa = PBXResourcesBuildPhase;
			buildActionMask = 2147483647;
			files = (
				8AFC16F2233A366D00570279 /* LaunchScreen.storyboard in Resources */,
				8AFC16EF233A366D00570279 /* Assets.xcassets in Resources */,
				8AFC16ED233A366C00570279 /* Main.storyboard in Resources */,
			);
			runOnlyForDeploymentPostprocessing = 0;
		};
/* End PBXResourcesBuildPhase section */

/* Begin PBXShellScriptBuildPhase section */
		2B2B193D2B45FE681C51F6B7 /* [CP] Embed Pods Frameworks */ = {
			isa = PBXShellScriptBuildPhase;
			buildActionMask = 2147483647;
			files = (
			);
			inputFileListPaths = (
				"${PODS_ROOT}/Target Support Files/Pods-Instagram Clone iOS/Pods-Instagram Clone iOS-frameworks-${CONFIGURATION}-input-files.xcfilelist",
			);
			name = "[CP] Embed Pods Frameworks";
			outputFileListPaths = (
				"${PODS_ROOT}/Target Support Files/Pods-Instagram Clone iOS/Pods-Instagram Clone iOS-frameworks-${CONFIGURATION}-output-files.xcfilelist",
			);
			runOnlyForDeploymentPostprocessing = 0;
			shellPath = /bin/sh;
			shellScript = "\"${PODS_ROOT}/Target Support Files/Pods-Instagram Clone iOS/Pods-Instagram Clone iOS-frameworks.sh\"\n";
			showEnvVarsInLog = 0;
		};
		E11C92746D3A14CFB0F6E8D4 /* [CP] Check Pods Manifest.lock */ = {
			isa = PBXShellScriptBuildPhase;
			buildActionMask = 2147483647;
			files = (
			);
			inputFileListPaths = (
			);
			inputPaths = (
				"${PODS_PODFILE_DIR_PATH}/Podfile.lock",
				"${PODS_ROOT}/Manifest.lock",
			);
			name = "[CP] Check Pods Manifest.lock";
			outputFileListPaths = (
			);
			outputPaths = (
				"$(DERIVED_FILE_DIR)/Pods-Instagram Clone iOS-checkManifestLockResult.txt",
			);
			runOnlyForDeploymentPostprocessing = 0;
			shellPath = /bin/sh;
			shellScript = "diff \"${PODS_PODFILE_DIR_PATH}/Podfile.lock\" \"${PODS_ROOT}/Manifest.lock\" > /dev/null\nif [ $? != 0 ] ; then\n    # print error to STDERR\n    echo \"error: The sandbox is not in sync with the Podfile.lock. Run 'pod install' or update your CocoaPods installation.\" >&2\n    exit 1\nfi\n# This output is used by Xcode 'outputs' to avoid re-running this script phase.\necho \"SUCCESS\" > \"${SCRIPT_OUTPUT_FILE_0}\"\n";
			showEnvVarsInLog = 0;
		};
/* End PBXShellScriptBuildPhase section */

/* Begin PBXSourcesBuildPhase section */
		8AFC16E0233A366C00570279 /* Sources */ = {
			isa = PBXSourcesBuildPhase;
			buildActionMask = 2147483647;
			files = (
				8AFC16EA233A366C00570279 /* ViewController.swift in Sources */,
				8A7043D82340D7A20000C808 /* UserTableViewController.swift in Sources */,
				8AFC16E8233A366C00570279 /* AppDelegate.swift in Sources */,
			);
			runOnlyForDeploymentPostprocessing = 0;
		};
/* End PBXSourcesBuildPhase section */

/* Begin PBXVariantGroup section */
		8AFC16EB233A366C00570279 /* Main.storyboard */ = {
			isa = PBXVariantGroup;
			children = (
				8AFC16EC233A366C00570279 /* Base */,
			);
			name = Main.storyboard;
			sourceTree = "<group>";
		};
		8AFC16F0233A366D00570279 /* LaunchScreen.storyboard */ = {
			isa = PBXVariantGroup;
			children = (
				8AFC16F1233A366D00570279 /* Base */,
			);
			name = LaunchScreen.storyboard;
			sourceTree = "<group>";
		};
/* End PBXVariantGroup section */

/* Begin XCBuildConfiguration section */
		8AFC16F4233A366D00570279 /* Debug */ = {
			isa = XCBuildConfiguration;
			buildSettings = {
				ALWAYS_SEARCH_USER_PATHS = NO;
				CLANG_ANALYZER_NONNULL = YES;
				CLANG_ANALYZER_NUMBER_OBJECT_CONVERSION = YES_AGGRESSIVE;
				CLANG_CXX_LANGUAGE_STANDARD = "gnu++14";
				CLANG_CXX_LIBRARY = "libc++";
				CLANG_ENABLE_MODULES = YES;
				CLANG_ENABLE_OBJC_ARC = YES;
				CLANG_ENABLE_OBJC_WEAK = YES;
				CLANG_WARN_BLOCK_CAPTURE_AUTORELEASING = YES;
				CLANG_WARN_BOOL_CONVERSION = YES;
				CLANG_WARN_COMMA = YES;
				CLANG_WARN_CONSTANT_CONVERSION = YES;
				CLANG_WARN_DEPRECATED_OBJC_IMPLEMENTATIONS = YES;
				CLANG_WARN_DIRECT_OBJC_ISA_USAGE = YES_ERROR;
				CLANG_WARN_DOCUMENTATION_COMMENTS = YES;
				CLANG_WARN_EMPTY_BODY = YES;
				CLANG_WARN_ENUM_CONVERSION = YES;
				CLANG_WARN_INFINITE_RECURSION = YES;
				CLANG_WARN_INT_CONVERSION = YES;
				CLANG_WARN_NON_LITERAL_NULL_CONVERSION = YES;
				CLANG_WARN_OBJC_IMPLICIT_RETAIN_SELF = YES;
				CLANG_WARN_OBJC_LITERAL_CONVERSION = YES;
				CLANG_WARN_OBJC_ROOT_CLASS = YES_ERROR;
				CLANG_WARN_RANGE_LOOP_ANALYSIS = YES;
				CLANG_WARN_STRICT_PROTOTYPES = YES;
				CLANG_WARN_SUSPICIOUS_MOVE = YES;
				CLANG_WARN_UNGUARDED_AVAILABILITY = YES_AGGRESSIVE;
				CLANG_WARN_UNREACHABLE_CODE = YES;
				CLANG_WARN__DUPLICATE_METHOD_MATCH = YES;
				CODE_SIGN_IDENTITY = "iPhone Developer";
				COPY_PHASE_STRIP = NO;
				DEBUG_INFORMATION_FORMAT = dwarf;
				ENABLE_STRICT_OBJC_MSGSEND = YES;
				ENABLE_TESTABILITY = YES;
				GCC_C_LANGUAGE_STANDARD = gnu11;
				GCC_DYNAMIC_NO_PIC = NO;
				GCC_NO_COMMON_BLOCKS = YES;
				GCC_OPTIMIZATION_LEVEL = 0;
				GCC_PREPROCESSOR_DEFINITIONS = (
					"DEBUG=1",
					"$(inherited)",
				);
				GCC_WARN_64_TO_32_BIT_CONVERSION = YES;
				GCC_WARN_ABOUT_RETURN_TYPE = YES_ERROR;
				GCC_WARN_UNDECLARED_SELECTOR = YES;
				GCC_WARN_UNINITIALIZED_AUTOS = YES_AGGRESSIVE;
				GCC_WARN_UNUSED_FUNCTION = YES;
				GCC_WARN_UNUSED_VARIABLE = YES;
				IPHONEOS_DEPLOYMENT_TARGET = 12.1;
				MTL_ENABLE_DEBUG_INFO = INCLUDE_SOURCE;
				MTL_FAST_MATH = YES;
				ONLY_ACTIVE_ARCH = YES;
				SDKROOT = iphoneos;
				SWIFT_ACTIVE_COMPILATION_CONDITIONS = DEBUG;
				SWIFT_OPTIMIZATION_LEVEL = "-Onone";
			};
			name = Debug;
		};
		8AFC16F5233A366D00570279 /* Release */ = {
			isa = XCBuildConfiguration;
			buildSettings = {
				ALWAYS_SEARCH_USER_PATHS = NO;
				CLANG_ANALYZER_NONNULL = YES;
				CLANG_ANALYZER_NUMBER_OBJECT_CONVERSION = YES_AGGRESSIVE;
				CLANG_CXX_LANGUAGE_STANDARD = "gnu++14";
				CLANG_CXX_LIBRARY = "libc++";
				CLANG_ENABLE_MODULES = YES;
				CLANG_ENABLE_OBJC_ARC = YES;
				CLANG_ENABLE_OBJC_WEAK = YES;
				CLANG_WARN_BLOCK_CAPTURE_AUTORELEASING = YES;
				CLANG_WARN_BOOL_CONVERSION = YES;
				CLANG_WARN_COMMA = YES;
				CLANG_WARN_CONSTANT_CONVERSION = YES;
				CLANG_WARN_DEPRECATED_OBJC_IMPLEMENTATIONS = YES;
				CLANG_WARN_DIRECT_OBJC_ISA_USAGE = YES_ERROR;
				CLANG_WARN_DOCUMENTATION_COMMENTS = YES;
				CLANG_WARN_EMPTY_BODY = YES;
				CLANG_WARN_ENUM_CONVERSION = YES;
				CLANG_WARN_INFINITE_RECURSION = YES;
				CLANG_WARN_INT_CONVERSION = YES;
				CLANG_WARN_NON_LITERAL_NULL_CONVERSION = YES;
				CLANG_WARN_OBJC_IMPLICIT_RETAIN_SELF = YES;
				CLANG_WARN_OBJC_LITERAL_CONVERSION = YES;
				CLANG_WARN_OBJC_ROOT_CLASS = YES_ERROR;
				CLANG_WARN_RANGE_LOOP_ANALYSIS = YES;
				CLANG_WARN_STRICT_PROTOTYPES = YES;
				CLANG_WARN_SUSPICIOUS_MOVE = YES;
				CLANG_WARN_UNGUARDED_AVAILABILITY = YES_AGGRESSIVE;
				CLANG_WARN_UNREACHABLE_CODE = YES;
				CLANG_WARN__DUPLICATE_METHOD_MATCH = YES;
				CODE_SIGN_IDENTITY = "iPhone Developer";
				COPY_PHASE_STRIP = NO;
				DEBUG_INFORMATION_FORMAT = "dwarf-with-dsym";
				ENABLE_NS_ASSERTIONS = NO;
				ENABLE_STRICT_OBJC_MSGSEND = YES;
				GCC_C_LANGUAGE_STANDARD = gnu11;
				GCC_NO_COMMON_BLOCKS = YES;
				GCC_WARN_64_TO_32_BIT_CONVERSION = YES;
				GCC_WARN_ABOUT_RETURN_TYPE = YES_ERROR;
				GCC_WARN_UNDECLARED_SELECTOR = YES;
				GCC_WARN_UNINITIALIZED_AUTOS = YES_AGGRESSIVE;
				GCC_WARN_UNUSED_FUNCTION = YES;
				GCC_WARN_UNUSED_VARIABLE = YES;
				IPHONEOS_DEPLOYMENT_TARGET = 12.1;
				MTL_ENABLE_DEBUG_INFO = NO;
				MTL_FAST_MATH = YES;
				SDKROOT = iphoneos;
				SWIFT_COMPILATION_MODE = wholemodule;
				SWIFT_OPTIMIZATION_LEVEL = "-O";
				VALIDATE_PRODUCT = YES;
			};
			name = Release;
		};
		8AFC16F7233A366D00570279 /* Debug */ = {
			isa = XCBuildConfiguration;
			baseConfigurationReference = B6F3EAFE24DC5974431CBBE8 /* Pods-Instagram Clone iOS.debug.xcconfig */;
			buildSettings = {
				ASSETCATALOG_COMPILER_APPICON_NAME = AppIcon;
				CODE_SIGN_STYLE = Automatic;
				DEVELOPMENT_TEAM = QVS959RA29;
				INFOPLIST_FILE = "Instagram Clone iOS/Info.plist";
				LD_RUNPATH_SEARCH_PATHS = (
					"$(inherited)",
					"@executable_path/Frameworks",
				);
				PRODUCT_BUNDLE_IDENTIFIER = "com.jerrytan.Instagram-Clone-iOS";
				PRODUCT_NAME = "$(TARGET_NAME)";
				SWIFT_VERSION = 4.2;
				TARGETED_DEVICE_FAMILY = "1,2";
			};
			name = Debug;
		};
		8AFC16F8233A366D00570279 /* Release */ = {
			isa = XCBuildConfiguration;
			baseConfigurationReference = 15B9360FE99CBFB73A10830F /* Pods-Instagram Clone iOS.release.xcconfig */;
			buildSettings = {
				ASSETCATALOG_COMPILER_APPICON_NAME = AppIcon;
				CODE_SIGN_STYLE = Automatic;
				DEVELOPMENT_TEAM = QVS959RA29;
				INFOPLIST_FILE = "Instagram Clone iOS/Info.plist";
				LD_RUNPATH_SEARCH_PATHS = (
					"$(inherited)",
					"@executable_path/Frameworks",
				);
				PRODUCT_BUNDLE_IDENTIFIER = "com.jerrytan.Instagram-Clone-iOS";
				PRODUCT_NAME = "$(TARGET_NAME)";
				SWIFT_VERSION = 4.2;
				TARGETED_DEVICE_FAMILY = "1,2";
			};
			name = Release;
		};
/* End XCBuildConfiguration section */

/* Begin XCConfigurationList section */
		8AFC16DF233A366C00570279 /* Build configuration list for PBXProject "Instagram Clone iOS" */ = {
			isa = XCConfigurationList;
			buildConfigurations = (
				8AFC16F4233A366D00570279 /* Debug */,
				8AFC16F5233A366D00570279 /* Release */,
			);
			defaultConfigurationIsVisible = 0;
			defaultConfigurationName = Release;
		};
		8AFC16F6233A366D00570279 /* Build configuration list for PBXNativeTarget "Instagram Clone iOS" */ = {
			isa = XCConfigurationList;
			buildConfigurations = (
				8AFC16F7233A366D00570279 /* Debug */,
				8AFC16F8233A366D00570279 /* Release */,
			);
			defaultConfigurationIsVisible = 0;
			defaultConfigurationName = Release;
		};
/* End XCConfigurationList section */
	};
	rootObject = 8AFC16DC233A366C00570279 /* Project object */;
}
